{
  "name": "electron-react-boilerplate",
  "version": "2.0.1",
  "lockfileVersion": 1,
  "requires": true,
  "dependencies": {
    "@types/lodash": {
      "version": "4.14.167",
      "resolved": "https://registry.npmjs.org/@types/lodash/-/lodash-4.14.167.tgz",
      "integrity": "sha512-w7tQPjARrvdeBkX/Rwg95S592JwxqOjmms3zWQ0XZgSyxSLdzWaYH3vErBhdVS/lRBX7F8aBYcYJYTr5TMGOzw==",
      "dev": true
    }
  }
}
