# THIS IS AN AUTOGENERATED FILE. DO NOT EDIT THIS FILE DIRECTLY.
# yarn lockfile v1


"@types/lodash@^4.14.167":
  version "4.14.167"
  resolved "https://registry.yarnpkg.com/@types/lodash/-/lodash-4.14.167.tgz#ce7d78553e3c886d4ea643c37ec7edc20f16765e"
  integrity sha512-w7tQPjARrvdeBkX/Rwg95S592JwxqOjmms3zWQ0XZgSyxSLdzWaYH3vErBhdVS/lRBX7F8aBYcYJYTr5TMGOzw==
